schema: '2.0'
stages:
  data_split:
    cmd: python src/stages/data_split.py --config=params.yaml
    deps:
    - path: data/raw
      md5: 6920135c1a76a56a030a224fb82afb28.dir
      size: 466888
      nfiles: 2
      files:
      - md5: 78f8f2e8ac2b7b2b6aa4d75fcc402f47
        relpath: Churn_Modelling_France.csv
      - md5: a2eb40907d681c63a5cddcd43013ca6d
        relpath: Churn_Modelling_Spain.csv
    - path: src/stages/data_split.py
      md5: ccbd07e2a55b6874e47d1e280d543dae
      size: 1427
    params:
      params.yaml:
        base:
          project: bank_customer_churn
          raw_data_dir: data/raw
          countries:
          - France
          - Spain
          feat_cols:
          - CreditScore
          - Age
          - Tenure
          - Balance
          - NumOfProducts
          - HasCrCard
          - IsActiveMember
          - EstimatedSalary
          targ_col: Exited
          random_state: 42
        data_split:
          test_size: 0.2
          processed_data_dir: data/processed
    outs:
    - path: data/processed
      md5: cba1330c2a2df90da650b74d214b0bd0.dir
      size: 722258
      nfiles: 4
      files:
      - size: 108867
        version_id: cdea93bb-5843-47b7-887e-695ea62de5db
        etag: fdfb4bb17229ba5ca7d87c398deff081
        md5: fdfb4bb17229ba5ca7d87c398deff081
        relpath: X_test.pkl
      - size: 432372
        version_id: 21c8c048-a7ff-42b9-ba8e-87e3ce4da263
        etag: 1b8ddaf25fc5539a826789b9ed75468e
        md5: 1b8ddaf25fc5539a826789b9ed75468e
        relpath: X_train.pkl
      - size: 36589
        version_id: a851d398-f019-4097-b2c2-eafbcfb98cb9
        etag: 5443405013ae6e0dbb4ebbe2ee290613
        md5: 5443405013ae6e0dbb4ebbe2ee290613
        relpath: y_test.pkl
      - size: 144430
        version_id: 87bf0811-5ddf-4f89-ae1a-aaadd36ccd5e
        etag: 316d3427c2dd408169a28f537994bf03
        md5: 316d3427c2dd408169a28f537994bf03
        relpath: y_train.pkl
  train:
    cmd: python src/stages/train.py --config=params.yaml
    deps:
    - path: data/processed
      md5: cba1330c2a2df90da650b74d214b0bd0.dir
      size: 722258
      nfiles: 4
    - path: src/stages/train.py
      md5: 7be4632c2f28599636d9548673e8d249
      size: 2125
    params:
      params.yaml:
        base:
          project: bank_customer_churn
          raw_data_dir: data/raw
          countries:
          - France
          - Spain
          feat_cols:
          - CreditScore
          - Age
          - Tenure
          - Balance
          - NumOfProducts
          - HasCrCard
          - IsActiveMember
          - EstimatedSalary
          targ_col: Exited
          random_state: 42
        train:
          model_type: randomforest
          model_dir: models
          model_path: models/clf-model.joblib
          params:
            n_estimators: 50
            max_depth: 20
    outs:
    - path: models/clf-model.joblib
      md5: 0e585591174c1699fc7e6b896070a4a4
      size: 5519176
  eval:
    cmd: python src/stages/eval.py --config=params.yaml
    deps:
    - path: data/processed
      md5: cba1330c2a2df90da650b74d214b0bd0.dir
      size: 722258
      nfiles: 4
    - path: models/clf-model.joblib
      md5: 0e585591174c1699fc7e6b896070a4a4
      size: 5519176
    - path: src/stages/eval.py
      md5: a2a26bf96e68e2cfbe16b89d15f91f37
      size: 2430
    params:
      params.yaml:
        base:
          project: bank_customer_churn
          raw_data_dir: data/raw
          countries:
          - France
          - Spain
          feat_cols:
          - CreditScore
          - Age
          - Tenure
          - Balance
          - NumOfProducts
          - HasCrCard
          - IsActiveMember
          - EstimatedSalary
          targ_col: Exited
          random_state: 42
        data_split:
          test_size: 0.2
          processed_data_dir: data/processed
        train:
          model_type: randomforest
          model_dir: models
          model_path: models/clf-model.joblib
          params:
            n_estimators: 50
            max_depth: 20
    outs:
    - path: metrics.json
      md5: c75a2ad2b1b48cfc5685c6505cc2d4a5
      size: 66
    - path: reports/feat_imp.csv
      md5: 98b5f95ee09c67cbdafe41c234476c45
      size: 185
    - path: reports/figures/cm.png
      md5: 48d46ff3a3fa47c8018998458d978b9b
      size: 10477
